
Microsoft Visual Studio Solution File, Format Version 12.00
# Visual Studio 14
VisualStudioVersion = 14.0.25420.1
MinimumVisualStudioVersion = 10.0.40219.1
Project("{F14B399A-7131-4C87-9E4B-1186C45EF12D}") = "PackageDB Reports", "PackageDB Reports\PackageDB Reports.rptproj", "{62B09AE0-BB36-470B-B861-3F6B6745AD68}"
EndProject
Global
	GlobalSection(SolutionConfigurationPlatforms) = preSolution
		Local|Default = Local|Default
		Release|Default = Release|Default
		ServerDev|Default = ServerDev|Default
	EndGlobalSection
	GlobalSection(ProjectConfigurationPlatforms) = postSolution
		{62B09AE0-BB36-470B-B861-3F6B6745AD68}.Local|Default.ActiveCfg = Local
		{62B09AE0-BB36-470B-B861-3F6B6745AD68}.Local|Default.Build.0 = Local
		{62B09AE0-BB36-470B-B861-3F6B6745AD68}.Local|Default.Deploy.0 = Local
		{62B09AE0-BB36-470B-B861-3F6B6745AD68}.Release|Default.ActiveCfg = Release
		{62B09AE0-BB36-470B-B861-3F6B6745AD68}.Release|Default.Build.0 = Release
		{62B09AE0-BB36-470B-B861-3F6B6745AD68}.Release|Default.Deploy.0 = Release
		{62B09AE0-BB36-470B-B861-3F6B6745AD68}.ServerDev|Default.ActiveCfg = ServerDev
		{62B09AE0-BB36-470B-B861-3F6B6745AD68}.ServerDev|Default.Build.0 = ServerDev
		{62B09AE0-BB36-470B-B861-3F6B6745AD68}.ServerDev|Default.Deploy.0 = ServerDev
	EndGlobalSection
	GlobalSection(SolutionProperties) = preSolution
		HideSolutionNode = FALSE
	EndGlobalSection
EndGlobal
